<?xml version="1.0" encoding="utf-8"?>
<Project ToolsVersion="4.0" xmlns="http://schemas.microsoft.com/developer/msbuild/2003">
  <ItemGroup>
    <Filter Include="Исходные файлы">
      <UniqueIdentifier>{4FC737F1-C7A5-4376-A066-2A32D752A2FF}</UniqueIdentifier>
      <Extensions>cpp;c;cc;cxx;def;odl;idl;hpj;bat;asm;asmx</Extensions>
    </Filter>
    <Filter Include="Файлы заголовков">
      <UniqueIdentifier>{93995380-89BD-4b04-88EB-625FBE52EBFB}</UniqueIdentifier>
      <Extensions>h;hh;hpp;hxx;hm;inl;inc;ipp;xsd</Extensions>
    </Filter>
    <Filter Include="Файлы ресурсов">
      <UniqueIdentifier>{67DA6AB6-F800-4c08-8B7A-83BB121AAD01}</UniqueIdentifier>
      <Extensions>rc;ico;cur;bmp;dlg;rc2;rct;bin;rgs;gif;jpg;jpeg;jpe;resx;tiff;tif;png;wav;mfcribbon-ms</Extensions>
    </Filter>
    <Filter Include="test_data">
      <UniqueIdentifier>{6b0a02f4-b6a3-4ca3-bb7b-766da3ec6c11}</UniqueIdentifier>
    </Filter>
  </ItemGroup>
  <ItemGroup>
    <ClCompile Include="Compare.cpp">
      <Filter>Исходные файлы</Filter>
    </ClCompile>
  </ItemGroup>
  <ItemGroup>
    <None Include="test.bat">
      <Filter>Исходные файлы</Filter>
    </None>
  </ItemGroup>
  <ItemGroup>
    <ClInclude Include="resource.h">
      <Filter>Файлы заголовков</Filter>
    </ClInclude>
  </ItemGroup>
  <ItemGroup>
    <ResourceCompile Include="Compare.rc">
      <Filter>Файлы ресурсов</Filter>
    </ResourceCompile>
  </ItemGroup>
  <ItemGroup>
    <Text Include="empty-out.txt">
      <Filter>test_data</Filter>
    </Text>
    <Text Include="empty1.txt">
      <Filter>test_data</Filter>
    </Text>
    <Text Include="empty2.txt">
      <Filter>test_data</Filter>
    </Text>
    <Text Include="bigger.txt">
      <Filter>test_data</Filter>
    </Text>
    <Text Include="smaller.txt">
      <Filter>test_data</Filter>
    </Text>
    <Text Include="bigger-smaller-out.txt">
      <Filter>test_data</Filter>
    </Text>
    <Text Include="oneFile.txt">
      <Filter>test_data</Filter>
    </Text>
    <Text Include="oneFile-out.txt">
      <Filter>test_data</Filter>
    </Text>
    <Text Include="noFiles-out.txt">
      <Filter>test_data</Filter>
    </Text>
    <Text Include="equal1.txt">
      <Filter>test_data</Filter>
    </Text>
    <Text Include="equal2.txt">
      <Filter>test_data</Filter>
    </Text>
    <Text Include="equal-out.txt">
      <Filter>test_data</Filter>
    </Text>
    <Text Include="russianEqual1.txt">
      <Filter>test_data</Filter>
    </Text>
    <Text Include="russianEqual2.txt">
      <Filter>test_data</Filter>
    </Text>
    <Text Include="russianEqual-out.txt">
      <Filter>test_data</Filter>
    </Text>
    <Text Include="longer.txt">
      <Filter>test_data</Filter>
    </Text>
    <Text Include="shorter.txt">
      <Filter>test_data</Filter>
    </Text>
    <Text Include="longer-shorter-out.txt">
      <Filter>test_data</Filter>
    </Text>
    <Text Include="notExistSecond-out.txt">
      <Filter>test_data</Filter>
    </Text>
    <Text Include="notExistFirst-out.txt">
      <Filter>test_data</Filter>
    </Text>
  </ItemGroup>
</Project>